
Microsoft Visual Studio Solution File, Format Version 12.00
Project("{FAE04EC0-301F-11D3-BF4B-00C04F79EFBC}") = "Cstewart.Common.Components", "src\Cstewart.Common.Components\Cstewart.Common.Components.csproj", "{966FEA28-0822-4DC0-8B80-4DFEADA05AAC}"
EndProject
Global
	GlobalSection(SolutionConfigurationPlatforms) = preSolution
		Debug|Any CPU = Debug|Any CPU
		Release|Any CPU = Release|Any CPU
	EndGlobalSection
	GlobalSection(ProjectConfigurationPlatforms) = postSolution
		{966FEA28-0822-4DC0-8B80-4DFEADA05AAC}.Debug|Any CPU.ActiveCfg = Debug|Any CPU
		{966FEA28-0822-4DC0-8B80-4DFEADA05AAC}.Debug|Any CPU.Build.0 = Debug|Any CPU
		{966FEA28-0822-4DC0-8B80-4DFEADA05AAC}.Release|Any CPU.ActiveCfg = Release|Any CPU
		{966FEA28-0822-4DC0-8B80-4DFEADA05AAC}.Release|Any CPU.Build.0 = Release|Any CPU
	EndGlobalSection
EndGlobal
